
Microsoft Visual Studio Solution File, Format Version 12.00
# Visual Studio Version 17
VisualStudioVersion = 17.2.32526.322
MinimumVisualStudioVersion = 10.0.40219.1
Project("{F184B08F-C81C-45F6-A57F-5ABD9991F28F}") = "LAB TASK 5_1063", "LAB TASK 5_1063.vbproj", "{14293B7D-E32F-4A86-894A-4701CD958A7C}"
EndProject
Global
	GlobalSection(SolutionConfigurationPlatforms) = preSolution
		Debug|Any CPU = Debug|Any CPU
		Release|Any CPU = Release|Any CPU
	EndGlobalSection
	GlobalSection(ProjectConfigurationPlatforms) = postSolution
		{14293B7D-E32F-4A86-894A-4701CD958A7C}.Debug|Any CPU.ActiveCfg = Debug|Any CPU
		{14293B7D-E32F-4A86-894A-4701CD958A7C}.Debug|Any CPU.Build.0 = Debug|Any CPU
		{14293B7D-E32F-4A86-894A-4701CD958A7C}.Release|Any CPU.ActiveCfg = Release|Any CPU
		{14293B7D-E32F-4A86-894A-4701CD958A7C}.Release|Any CPU.Build.0 = Release|Any CPU
	EndGlobalSection
	GlobalSection(SolutionProperties) = preSolution
		HideSolutionNode = FALSE
	EndGlobalSection
	GlobalSection(ExtensibilityGlobals) = postSolution
		SolutionGuid = {18C03A97-D20C-4B9E-9807-9332E04ADDD5}
	EndGlobalSection
EndGlobal
